{
    "_meta": {
        "hash": {
            "sha256": "eacc3a47bf96225c211c5b3833e4380188c0a832b3bd7f8625aa4cb68da4235c"
        },
        "host-environment-markers": {
            "implementation_name": "cpython",
            "implementation_version": "3.5.2",
            "os_name": "posix",
            "platform_machine": "x86_64",
            "platform_python_implementation": "CPython",
            "platform_release": "4.9.4-galliumos-braswell",
            "platform_system": "Linux",
            "platform_version": "#1 SMP PREEMPT galliumos2 Thu Feb 23 01:58:04 UTC 2017",
            "python_full_version": "3.5.2",
            "python_version": "3.5",
            "sys_platform": "linux"
        },
        "pipfile-spec": 6,
        "requires": {
            "python_version": "3.6"
        },
        "sources": [
            {
                "name": "pypi",
                "url": "https://pypi.org/simple",
                "verify_ssl": true
            }
        ]
    },
    "default": {
        "astroid": {
            "hashes": [],
            "version": "==2.0.4"
        },
        "django": {
            "hashes": [],
            "version": "==2.1"
        },
        "futures": {
            "hashes": [],
            "version": "==3.1.1"
        },
        "isort": {
            "hashes": [],
            "version": "==4.3.4"
        },
        "lazy-object-proxy": {
            "hashes": [],
            "version": "==1.3.1"
        },
        "mccabe": {
            "hashes": [],
            "version": "==0.6.1"
        },
        "pylint": {
            "hashes": [],
            "version": "==2.1.1"
        },
        "pytz": {
            "hashes": [],
            "version": "==2018.5"
        },
        "six": {
            "hashes": [],
            "version": "==1.11.0"
        },
        "typing": {
            "hashes": [],
            "version": "==3.6.4"
        },
        "wrapt": {
            "hashes": [],
            "version": "==1.10.11"
        }
    },
    "develop": {}
}
